// !$*UTF8*$!
{
	archiveVersion = 1;
	classes = {
	};
	objectVersion = 42;
	objects = {

/* Begin PBXBuildFile section */
		8604F322052F3D6A00E5B144 /* prefWriter in Resources */ = {isa = PBXBuildFile; fileRef = 8604F321052F3D6A00E5B144 /* prefWriter */; };
		860A2C8D04DD669D00098AF8 /* DoubleCommand.tiff in Resources */ = {isa = PBXBuildFile; fileRef = 860A2C8C04DD669D00098AF8 /* DoubleCommand.tiff */; };
		866D0B6704DD40D8004B9CAF /* Security.framework in Frameworks */ = {isa = PBXBuildFile; fileRef = 866D0B6604DD40D8004B9CAF /* Security.framework */; };
		869A91B804DC7BBD00C0FF6A /* Cocoa.framework in Frameworks */ = {isa = PBXBuildFile; fileRef = 869A91B704DC7BBD00C0FF6A /* Cocoa.framework */; };
		869F8FC104DD980500A4530E /* NSAuthenticationLock.tiff in Resources */ = {isa = PBXBuildFile; fileRef = 869F8FBF04DD980500A4530E /* NSAuthenticationLock.tiff */; };
		869F8FC204DD980500A4530E /* NSAuthenticationUnlock.tiff in Resources */ = {isa = PBXBuildFile; fileRef = 869F8FC004DD980500A4530E /* NSAuthenticationUnlock.tiff */; };
		86CD55C604DC6CD800E3E88D /* PreferencePanes.framework in Frameworks */ = {isa = PBXBuildFile; fileRef = 86CD55C504DC6CD800E3E88D /* PreferencePanes.framework */; };
		86CD55D304DC6D1D00E3E88D /* MainMenu.nib in Resources */ = {isa = PBXBuildFile; fileRef = 86CD55D104DC6D1D00E3E88D /* MainMenu.nib */; };
		86CD55D804DC723600E3E88D /* DeNadolleDoubleCommandPrefsPane.m in Sources */ = {isa = PBXBuildFile; fileRef = 86CD55D604DC723600E3E88D /* DeNadolleDoubleCommandPrefsPane.m */; };
		86CD55D904DC723600E3E88D /* DeNadolleDoubleCommandPrefsPane.h in Headers */ = {isa = PBXBuildFile; fileRef = 86CD55D704DC723600E3E88D /* DeNadolleDoubleCommandPrefsPane.h */; };
		8D5B49AE048680CD000E48DA /* DCP_prefPane_Prefix.pch in Headers */ = {isa = PBXBuildFile; fileRef = 32DBCF630370AF2F00C91783 /* DCP_prefPane_Prefix.pch */; };
		8D5B49B0048680CD000E48DA /* InfoPlist.strings in Resources */ = {isa = PBXBuildFile; fileRef = 089C167DFE841241C02AAC07 /* InfoPlist.strings */; };
/* End PBXBuildFile section */

/* Begin PBXFileReference section */
		089C1672FE841209C02AAC07 /* Foundation.framework */ = {isa = PBXFileReference; lastKnownFileType = wrapper.framework; name = Foundation.framework; path = /System/Library/Frameworks/Foundation.framework; sourceTree = "<absolute>"; };
		089C167EFE841241C02AAC07 /* English */ = {isa = PBXFileReference; fileEncoding = 10; lastKnownFileType = text.plist.strings; name = English; path = English.lproj/InfoPlist.strings; sourceTree = "<group>"; };
		32DBCF630370AF2F00C91783 /* DCP_prefPane_Prefix.pch */ = {isa = PBXFileReference; fileEncoding = 4; lastKnownFileType = sourcecode.c.h; path = DCP_prefPane_Prefix.pch; sourceTree = "<group>"; };
		8604F321052F3D6A00E5B144 /* prefWriter */ = {isa = PBXFileReference; fileEncoding = 30; lastKnownFileType = text.script.sh; name = prefWriter; path = AddThisAfterBuild/prefWriter; sourceTree = "<group>"; };
		860A2C8C04DD669D00098AF8 /* DoubleCommand.tiff */ = {isa = PBXFileReference; lastKnownFileType = image.tiff; path = DoubleCommand.tiff; sourceTree = "<group>"; };
		866D0B6604DD40D8004B9CAF /* Security.framework */ = {isa = PBXFileReference; lastKnownFileType = wrapper.framework; name = Security.framework; path = /System/Library/Frameworks/Security.framework; sourceTree = "<absolute>"; };
		869A91B704DC7BBD00C0FF6A /* Cocoa.framework */ = {isa = PBXFileReference; lastKnownFileType = wrapper.framework; name = Cocoa.framework; path = /System/Library/Frameworks/Cocoa.framework; sourceTree = "<absolute>"; };
		869F8FBF04DD980500A4530E /* NSAuthenticationLock.tiff */ = {isa = PBXFileReference; lastKnownFileType = image.tiff; path = NSAuthenticationLock.tiff; sourceTree = "<group>"; };
		869F8FC004DD980500A4530E /* NSAuthenticationUnlock.tiff */ = {isa = PBXFileReference; lastKnownFileType = image.tiff; path = NSAuthenticationUnlock.tiff; sourceTree = "<group>"; };
		86CD55C504DC6CD800E3E88D /* PreferencePanes.framework */ = {isa = PBXFileReference; lastKnownFileType = wrapper.framework; name = PreferencePanes.framework; path = /System/Library/Frameworks/PreferencePanes.framework; sourceTree = "<absolute>"; };
		86CD55D204DC6D1D00E3E88D /* English */ = {isa = PBXFileReference; lastKnownFileType = wrapper.nib; name = English; path = English.lproj/MainMenu.nib; sourceTree = "<group>"; };
		86CD55D604DC723600E3E88D /* DeNadolleDoubleCommandPrefsPane.m */ = {isa = PBXFileReference; fileEncoding = 30; lastKnownFileType = sourcecode.c.objc; path = DeNadolleDoubleCommandPrefsPane.m; sourceTree = "<group>"; };
		86CD55D704DC723600E3E88D /* DeNadolleDoubleCommandPrefsPane.h */ = {isa = PBXFileReference; fileEncoding = 30; lastKnownFileType = sourcecode.c.h; path = DeNadolleDoubleCommandPrefsPane.h; sourceTree = "<group>"; };
		8D5B49B6048680CD000E48DA /* DoubleCommandPreferences.prefPane */ = {isa = PBXFileReference; explicitFileType = wrapper.cfbundle; includeInIndex = 0; path = DoubleCommandPreferences.prefPane; sourceTree = BUILT_PRODUCTS_DIR; };
		8D5B49B7048680CD000E48DA /* Info.plist */ = {isa = PBXFileReference; fileEncoding = 4; lastKnownFileType = text.plist; path = Info.plist; sourceTree = "<group>"; };
/* End PBXFileReference section */

/* Begin PBXFrameworksBuildPhase section */
		8D5B49B3048680CD000E48DA /* Frameworks */ = {
			isa = PBXFrameworksBuildPhase;
			buildActionMask = 2147483647;
			files = (
				86CD55C604DC6CD800E3E88D /* PreferencePanes.framework in Frameworks */,
				869A91B804DC7BBD00C0FF6A /* Cocoa.framework in Frameworks */,
				866D0B6704DD40D8004B9CAF /* Security.framework in Frameworks */,
			);
			runOnlyForDeploymentPostprocessing = 0;
		};
/* End PBXFrameworksBuildPhase section */

/* Begin PBXGroup section */
		089C166AFE841209C02AAC07 /* DCP_prefPane */ = {
			isa = PBXGroup;
			children = (
				08FB77AFFE84173DC02AAC07 /* Classes */,
				32C88E010371C26100C91783 /* Other Sources */,
				089C167CFE841241C02AAC07 /* Resources */,
				089C1671FE841209C02AAC07 /* Frameworks and Libraries */,
				19C28FB8FE9D52D311CA2CBB /* Products */,
				8D5B49B7048680CD000E48DA /* Info.plist */,
			);
			name = DCP_prefPane;
			sourceTree = "<group>";
		};
		089C1671FE841209C02AAC07 /* Frameworks and Libraries */ = {
			isa = PBXGroup;
			children = (
				1058C7ACFEA557BF11CA2CBB /* Linked Frameworks */,
				1058C7AEFEA557BF11CA2CBB /* Other Frameworks */,
			);
			name = "Frameworks and Libraries";
			sourceTree = "<group>";
		};
		089C167CFE841241C02AAC07 /* Resources */ = {
			isa = PBXGroup;
			children = (
				869F8FBF04DD980500A4530E /* NSAuthenticationLock.tiff */,
				869F8FC004DD980500A4530E /* NSAuthenticationUnlock.tiff */,
				089C167DFE841241C02AAC07 /* InfoPlist.strings */,
				860A2C8C04DD669D00098AF8 /* DoubleCommand.tiff */,
				86CD55D104DC6D1D00E3E88D /* MainMenu.nib */,
			);
			name = Resources;
			sourceTree = "<group>";
		};
		08FB77AFFE84173DC02AAC07 /* Classes */ = {
			isa = PBXGroup;
			children = (
				86CD55D704DC723600E3E88D /* DeNadolleDoubleCommandPrefsPane.h */,
				86CD55D604DC723600E3E88D /* DeNadolleDoubleCommandPrefsPane.m */,
			);
			name = Classes;
			sourceTree = "<group>";
		};
		1058C7ACFEA557BF11CA2CBB /* Linked Frameworks */ = {
			isa = PBXGroup;
			children = (
				86CD55C504DC6CD800E3E88D /* PreferencePanes.framework */,
				869A91B704DC7BBD00C0FF6A /* Cocoa.framework */,
				866D0B6604DD40D8004B9CAF /* Security.framework */,
			);
			name = "Linked Frameworks";
			sourceTree = "<group>";
		};
		1058C7AEFEA557BF11CA2CBB /* Other Frameworks */ = {
			isa = PBXGroup;
			children = (
				089C1672FE841209C02AAC07 /* Foundation.framework */,
			);
			name = "Other Frameworks";
			sourceTree = "<group>";
		};
		19C28FB8FE9D52D311CA2CBB /* Products */ = {
			isa = PBXGroup;
			children = (
				8D5B49B6048680CD000E48DA /* DoubleCommandPreferences.prefPane */,
			);
			name = Products;
			sourceTree = "<group>";
		};
		32C88E010371C26100C91783 /* Other Sources */ = {
			isa = PBXGroup;
			children = (
				8604F321052F3D6A00E5B144 /* prefWriter */,
				32DBCF630370AF2F00C91783 /* DCP_prefPane_Prefix.pch */,
			);
			name = "Other Sources";
			sourceTree = "<group>";
		};
/* End PBXGroup section */

/* Begin PBXHeadersBuildPhase section */
		8D5B49AD048680CD000E48DA /* Headers */ = {
			isa = PBXHeadersBuildPhase;
			buildActionMask = 2147483647;
			files = (
				8D5B49AE048680CD000E48DA /* DCP_prefPane_Prefix.pch in Headers */,
				86CD55D904DC723600E3E88D /* DeNadolleDoubleCommandPrefsPane.h in Headers */,
			);
			runOnlyForDeploymentPostprocessing = 0;
		};
/* End PBXHeadersBuildPhase section */

/* Begin PBXNativeTarget section */
		8D5B49AC048680CD000E48DA /* DoubleCommand Prefences */ = {
			isa = PBXNativeTarget;
			buildConfigurationList = 00F60E41094F764D00C5D712 /* Build configuration list for PBXNativeTarget "DoubleCommand Prefences" */;
			buildPhases = (
				8D5B49AD048680CD000E48DA /* Headers */,
				8D5B49AF048680CD000E48DA /* Resources */,
				8D5B49B1048680CD000E48DA /* Sources */,
				8D5B49B3048680CD000E48DA /* Frameworks */,
				8D5B49B5048680CD000E48DA /* Rez */,
			);
			buildRules = (
			);
			dependencies = (
			);
			name = "DoubleCommand Prefences";
			productInstallPath = "$(HOME)/Library/Bundles";
			productName = DCP_prefPane;
			productReference = 8D5B49B6048680CD000E48DA /* DoubleCommandPreferences.prefPane */;
			productType = "com.apple.product-type.bundle";
		};
/* End PBXNativeTarget section */

/* Begin PBXProject section */
		089C1669FE841209C02AAC07 /* Project object */ = {
			isa = PBXProject;
			buildConfigurationList = 00F60E45094F764D00C5D712 /* Build configuration list for PBXProject "DoubleCommandPrefPane" */;
			hasScannedForEncodings = 1;
			mainGroup = 089C166AFE841209C02AAC07 /* DCP_prefPane */;
			projectDirPath = "";
			targets = (
				8D5B49AC048680CD000E48DA /* DoubleCommand Prefences */,
			);
		};
/* End PBXProject section */

/* Begin PBXResourcesBuildPhase section */
		8D5B49AF048680CD000E48DA /* Resources */ = {
			isa = PBXResourcesBuildPhase;
			buildActionMask = 2147483647;
			files = (
				8D5B49B0048680CD000E48DA /* InfoPlist.strings in Resources */,
				86CD55D304DC6D1D00E3E88D /* MainMenu.nib in Resources */,
				860A2C8D04DD669D00098AF8 /* DoubleCommand.tiff in Resources */,
				869F8FC104DD980500A4530E /* NSAuthenticationLock.tiff in Resources */,
				869F8FC204DD980500A4530E /* NSAuthenticationUnlock.tiff in Resources */,
				8604F322052F3D6A00E5B144 /* prefWriter in Resources */,
			);
			runOnlyForDeploymentPostprocessing = 0;
		};
/* End PBXResourcesBuildPhase section */

/* Begin PBXRezBuildPhase section */
		8D5B49B5048680CD000E48DA /* Rez */ = {
			isa = PBXRezBuildPhase;
			buildActionMask = 2147483647;
			files = (
			);
			runOnlyForDeploymentPostprocessing = 0;
		};
/* End PBXRezBuildPhase section */

/* Begin PBXSourcesBuildPhase section */
		8D5B49B1048680CD000E48DA /* Sources */ = {
			isa = PBXSourcesBuildPhase;
			buildActionMask = 2147483647;
			files = (
				86CD55D804DC723600E3E88D /* DeNadolleDoubleCommandPrefsPane.m in Sources */,
			);
			runOnlyForDeploymentPostprocessing = 0;
		};
/* End PBXSourcesBuildPhase section */

/* Begin PBXVariantGroup section */
		089C167DFE841241C02AAC07 /* InfoPlist.strings */ = {
			isa = PBXVariantGroup;
			children = (
				089C167EFE841241C02AAC07 /* English */,
			);
			name = InfoPlist.strings;
			sourceTree = "<group>";
		};
		86CD55D104DC6D1D00E3E88D /* MainMenu.nib */ = {
			isa = PBXVariantGroup;
			children = (
				86CD55D204DC6D1D00E3E88D /* English */,
			);
			name = MainMenu.nib;
			sourceTree = "<group>";
		};
/* End PBXVariantGroup section */

/* Begin XCBuildConfiguration section */
		00A208D509BDAFCD00340E6F /* Release */ = {
			isa = XCBuildConfiguration;
			buildSettings = {
				FRAMEWORK_SEARCH_PATHS = "";
				GCC_ENABLE_TRIGRAPHS = NO;
				GCC_GENERATE_DEBUGGING_SYMBOLS = NO;
				GCC_PRECOMPILE_PREFIX_HEADER = YES;
				GCC_PREFIX_HEADER = DCP_prefPane_Prefix.pch;
				GCC_WARN_FOUR_CHARACTER_CONSTANTS = NO;
				GCC_WARN_UNKNOWN_PRAGMAS = NO;
				HEADER_SEARCH_PATHS = "";
				INFOPLIST_FILE = Info.plist;
				INSTALL_PATH = "$(HOME)/Library/Bundles";
				LIBRARY_SEARCH_PATHS = "";
				LIBRARY_STYLE = Bundle;
				OTHER_CFLAGS = "";
				OTHER_LDFLAGS = "";
				OTHER_REZFLAGS = "";
				PRIVATE_HEADERS_FOLDER_PATH = "";
				PRODUCT_NAME = DoubleCommandPreferences;
				SECTORDER_FLAGS = "";
				WARNING_CFLAGS = (
					"-Wmost",
					"-Wno-four-char-constants",
					"-Wno-unknown-pragmas",
				);
				WRAPPER_EXTENSION = prefPane;
			};
			name = Release;
		};
		00A208D609BDAFCD00340E6F /* Release */ = {
			isa = XCBuildConfiguration;
			buildSettings = {
				ARCHS = (
					ppc,
					i386,
				);
				SDKROOT = /Developer/SDKs/MacOSX10.4u.sdk;
			};
			name = Release;
		};
		00F60E42094F764D00C5D712 /* Development */ = {
			isa = XCBuildConfiguration;
			buildSettings = {
				COPY_PHASE_STRIP = NO;
				DEBUGGING_SYMBOLS = YES;
				FRAMEWORK_SEARCH_PATHS = "";
				GCC_DYNAMIC_NO_PIC = NO;
				GCC_ENABLE_FIX_AND_CONTINUE = YES;
				GCC_ENABLE_TRIGRAPHS = NO;
				GCC_GENERATE_DEBUGGING_SYMBOLS = YES;
				GCC_OPTIMIZATION_LEVEL = 0;
				GCC_PRECOMPILE_PREFIX_HEADER = YES;
				GCC_PREFIX_HEADER = DCP_prefPane_Prefix.pch;
				GCC_WARN_FOUR_CHARACTER_CONSTANTS = NO;
				GCC_WARN_UNKNOWN_PRAGMAS = NO;
				HEADER_SEARCH_PATHS = "";
				INFOPLIST_FILE = Info.plist;
				INSTALL_PATH = "$(HOME)/Library/Bundles";
				LIBRARY_SEARCH_PATHS = "";
				LIBRARY_STYLE = Bundle;
				OPTIMIZATION_CFLAGS = "-O0";
				OTHER_CFLAGS = "";
				OTHER_LDFLAGS = "";
				OTHER_REZFLAGS = "";
				PRIVATE_HEADERS_FOLDER_PATH = "";
				PRODUCT_NAME = DoubleCommandPreferences;
				SECTORDER_FLAGS = "";
				WARNING_CFLAGS = (
					"-Wmost",
					"-Wno-four-char-constants",
					"-Wno-unknown-pragmas",
				);
				WRAPPER_EXTENSION = prefPane;
				ZERO_LINK = YES;
			};
			name = Development;
		};
		00F60E43094F764D00C5D712 /* Deployment */ = {
			isa = XCBuildConfiguration;
			buildSettings = {
				COPY_PHASE_STRIP = YES;
				FRAMEWORK_SEARCH_PATHS = "";
				GCC_ENABLE_FIX_AND_CONTINUE = NO;
				GCC_ENABLE_TRIGRAPHS = NO;
				GCC_GENERATE_DEBUGGING_SYMBOLS = NO;
				GCC_PRECOMPILE_PREFIX_HEADER = YES;
				GCC_PREFIX_HEADER = DCP_prefPane_Prefix.pch;
				GCC_WARN_FOUR_CHARACTER_CONSTANTS = NO;
				GCC_WARN_UNKNOWN_PRAGMAS = NO;
				HEADER_SEARCH_PATHS = "";
				INFOPLIST_FILE = Info.plist;
				INSTALL_PATH = "$(HOME)/Library/Bundles";
				LIBRARY_SEARCH_PATHS = "";
				LIBRARY_STYLE = Bundle;
				OTHER_CFLAGS = "";
				OTHER_LDFLAGS = "";
				OTHER_REZFLAGS = "";
				PRIVATE_HEADERS_FOLDER_PATH = "";
				PRODUCT_NAME = DoubleCommandPreferences;
				SECTORDER_FLAGS = "";
				WARNING_CFLAGS = (
					"-Wmost",
					"-Wno-four-char-constants",
					"-Wno-unknown-pragmas",
				);
				WRAPPER_EXTENSION = prefPane;
				ZERO_LINK = NO;
			};
			name = Deployment;
		};
		00F60E44094F764D00C5D712 /* Default */ = {
			isa = XCBuildConfiguration;
			buildSettings = {
				FRAMEWORK_SEARCH_PATHS = "";
				GCC_ENABLE_TRIGRAPHS = NO;
				GCC_GENERATE_DEBUGGING_SYMBOLS = NO;
				GCC_PRECOMPILE_PREFIX_HEADER = YES;
				GCC_PREFIX_HEADER = DCP_prefPane_Prefix.pch;
				GCC_WARN_FOUR_CHARACTER_CONSTANTS = NO;
				GCC_WARN_UNKNOWN_PRAGMAS = NO;
				HEADER_SEARCH_PATHS = "";
				INFOPLIST_FILE = Info.plist;
				INSTALL_PATH = "$(HOME)/Library/Bundles";
				LIBRARY_SEARCH_PATHS = "";
				LIBRARY_STYLE = Bundle;
				OTHER_CFLAGS = "";
				OTHER_LDFLAGS = "";
				OTHER_REZFLAGS = "";
				PRIVATE_HEADERS_FOLDER_PATH = "";
				PRODUCT_NAME = DoubleCommandPreferences;
				SECTORDER_FLAGS = "";
				WARNING_CFLAGS = (
					"-Wmost",
					"-Wno-four-char-constants",
					"-Wno-unknown-pragmas",
				);
				WRAPPER_EXTENSION = prefPane;
			};
			name = Default;
		};
		00F60E46094F764D00C5D712 /* Development */ = {
			isa = XCBuildConfiguration;
			buildSettings = {
				ARCHS = (
					ppc,
					i386,
				);
				SDKROOT = /Developer/SDKs/MacOSX10.4u.sdk;
			};
			name = Development;
		};
		00F60E47094F764D00C5D712 /* Deployment */ = {
			isa = XCBuildConfiguration;
			buildSettings = {
				ARCHS = (
					ppc,
					i386,
				);
				SDKROOT = /Developer/SDKs/MacOSX10.4u.sdk;
			};
			name = Deployment;
		};
		00F60E48094F764D00C5D712 /* Default */ = {
			isa = XCBuildConfiguration;
			buildSettings = {
				ARCHS = (
					ppc,
					i386,
				);
				SDKROOT = /Developer/SDKs/MacOSX10.4u.sdk;
			};
			name = Default;
		};
/* End XCBuildConfiguration section */

/* Begin XCConfigurationList section */
		00F60E41094F764D00C5D712 /* Build configuration list for PBXNativeTarget "DoubleCommand Prefences" */ = {
			isa = XCConfigurationList;
			buildConfigurations = (
				00F60E42094F764D00C5D712 /* Development */,
				00F60E43094F764D00C5D712 /* Deployment */,
				00F60E44094F764D00C5D712 /* Default */,
				00A208D509BDAFCD00340E6F /* Release */,
			);
			defaultConfigurationIsVisible = 0;
			defaultConfigurationName = Release;
		};
		00F60E45094F764D00C5D712 /* Build configuration list for PBXProject "DoubleCommandPrefPane" */ = {
			isa = XCConfigurationList;
			buildConfigurations = (
				00F60E46094F764D00C5D712 /* Development */,
				00F60E47094F764D00C5D712 /* Deployment */,
				00F60E48094F764D00C5D712 /* Default */,
				00A208D609BDAFCD00340E6F /* Release */,
			);
			defaultConfigurationIsVisible = 0;
			defaultConfigurationName = Release;
		};
/* End XCConfigurationList section */
	};
	rootObject = 089C1669FE841209C02AAC07 /* Project object */;
}
