// !$*UTF8*$!
{
	archiveVersion = 1;
	classes = {
	};
	objectVersion = 38;
	objects = {
		00E43B2E05246A7300020933 = {
			isa = PBXFileReference;
			name = doublecommand.css;
			path = /Users/mick/Development/DoubleCommand/cvs/DoubleCommandWebSite/doublecommand.css;
			refType = 0;
		};
		00E43B2F05246A7300020933 = {
			fileEncoding = 30;
			isa = PBXFileReference;
			name = index.html;
			path = /Users/mick/Development/DoubleCommand/cvs/DoubleCommandWebSite/index.html;
			refType = 0;
		};
		00E43B3005246A7300020933 = {
			fileEncoding = 30;
			isa = PBXFileReference;
			name = download.html;
			path = /Users/mick/Development/DoubleCommand/cvs/DoubleCommandWebSite/download.html;
			refType = 0;
		};
		00E43B3105246A7300020933 = {
			fileEncoding = 30;
			isa = PBXFileReference;
			name = install.html;
			path = /Users/mick/Development/DoubleCommand/cvs/DoubleCommandWebSite/install.html;
			refType = 0;
		};
		00FA07A5053C280A00D0F922 = {
			children = (
				00E43B2F05246A7300020933,
				00E43B3005246A7300020933,
				00E43B3105246A7300020933,
				00E43B2E05246A7300020933,
			);
			isa = PBXGroup;
			name = Website;
			path = "";
			refType = 4;
		};
//000
//001
//002
//003
//004
//060
//061
//062
//063
//064
		06AA1261FFB20DD611CA28AA = {
			buildActionMask = 2147483647;
			files = (
			);
			generatedFileNames = (
			);
			isa = PBXShellScriptBuildPhase;
			neededFileNames = (
			);
			runOnlyForDeploymentPostprocessing = 0;
			shellPath = /bin/sh;
			shellScript = "script=\"${SYSTEM_DEVELOPER_DIR}/ProjectBuilder Extras/Kernel Extension Support/KEXTPostprocess\";\nif [ -x \"$script\" ]; then\n    . \"$script\"\nfi";
		};
		06AA1262FFB20DD611CA28AA = {
			buildRules = (
			);
			buildSettings = {
				COPY_PHASE_STRIP = NO;
				MB_DEBUG = 1;
				OPTIMIZATION_CFLAGS = "-O0";
			};
			isa = PBXBuildStyle;
			name = Development;
		};
		06AA1263FFB20DD611CA28AA = {
			buildRules = (
			);
			buildSettings = {
				COPY_PHASE_STRIP = YES;
			};
			isa = PBXBuildStyle;
			name = Deployment;
		};
		06AA1268FFB211EB11CA28AA = {
			buildActionMask = 2147483647;
			files = (
			);
			generatedFileNames = (
			);
			isa = PBXShellScriptBuildPhase;
			neededFileNames = (
			);
			runOnlyForDeploymentPostprocessing = 0;
			shellPath = /bin/sh;
			shellScript = "script=\"${SYSTEM_DEVELOPER_DIR}/ProjectBuilder Extras/Kernel Extension Support/KEXTPreprocess\";\nif [ -x \"$script\" ]; then\n    . \"$script\"\nfi";
		};
//060
//061
//062
//063
//064
//080
//081
//082
//083
//084
		089C1669FE841209C02AAC07 = {
			buildStyles = (
				06AA1262FFB20DD611CA28AA,
				06AA1263FFB20DD611CA28AA,
			);
			hasScannedForEncodings = 1;
			isa = PBXProject;
			mainGroup = 089C166AFE841209C02AAC07;
			projectDirPath = "";
			targets = (
				089C1673FE841209C02AAC07,
			);
		};
		089C166AFE841209C02AAC07 = {
			children = (
				247142CAFF3F8F9811CA285C,
				089C167CFE841241C02AAC07,
				00FA07A5053C280A00D0F922,
				19C28FB6FE9D52B211CA2CBB,
			);
			isa = PBXGroup;
			name = DoubleCommand;
			refType = 4;
		};
		089C1673FE841209C02AAC07 = {
			buildPhases = (
				06AA1268FFB211EB11CA28AA,
				089C1674FE841209C02AAC07,
				089C1675FE841209C02AAC07,
				089C1676FE841209C02AAC07,
				089C1677FE841209C02AAC07,
				089C1679FE841209C02AAC07,
				06AA1261FFB20DD611CA28AA,
			);
			buildSettings = {
				DEBUGGING_SYMBOLS = NO;
				FRAMEWORK_SEARCH_PATHS = "";
				HEADER_SEARCH_PATHS = "";
				INSTALL_PATH = "$(SYSTEM_LIBRARY_DIR)/Extensions";
				KERNEL_MODULE = YES;
				LIBRARY_SEARCH_PATHS = "";
				MODULE_NAME = com.baltaks.kext.DoubleCommand;
				MODULE_START = DoubleCommand_start;
				MODULE_STOP = DoubleCommand_stop;
				MODULE_VERSION = 1.4.2;
				OTHER_CFLAGS = "-no-cpp-precomp";
				OTHER_LDFLAGS = "";
				OTHER_REZFLAGS = "";
				PRODUCT_NAME = DoubleCommand;
				SECTORDER_FLAGS = "";
				WARNING_CFLAGS = "-Wmost -Wno-four-char-constants -Wno-unknown-pragmas";
				WRAPPER_EXTENSION = kext;
			};
			dependencies = (
			);
			isa = PBXBundleTarget;
			name = DoubleCommand;
			productInstallPath = "$(SYSTEM_LIBRARY_DIR)/Extensions";
			productName = DoubleCommand;
			productReference = 0A5A7D55FFB780D811CA28AA;
			productSettingsXML = "<?xml version=\"1.0\" encoding=\"UTF-8\"?>
<!DOCTYPE plist PUBLIC \"-//Apple Computer//DTD PLIST 1.0//EN\" \"http://www.apple.com/DTDs/PropertyList-1.0.dtd\">
<plist version=\"1.0\">
<dict>
	<key>CFBundleDevelopmentRegion</key>
	<string>English</string>
	<key>CFBundleExecutable</key>
	<string>DoubleCommand</string>
	<key>CFBundleGetInfoString</key>
	<string>DoubleCommand 1.5b1 Copyright 2001-2003 Michael Baltaks</string>
	<key>CFBundleIconFile</key>
	<string></string>
	<key>CFBundleIdentifier</key>
	<string>com.baltaks.kext.DoubleCommand</string>
	<key>CFBundleInfoDictionaryVersion</key>
	<string>6.0</string>
	<key>CFBundleName</key>
	<string>DoubleCommand</string>
	<key>CFBundlePackageType</key>
	<string>KEXT</string>
	<key>CFBundleShortVersionString</key>
	<string>DoubleCommand 1.5b1</string>
	<key>CFBundleSignature</key>
	<string>BALT</string>
	<key>CFBundleVersion</key>
	<string>1.5b1</string>
	<key>OSBundleLibraries</key>
	<dict>
		<key>com.apple.iokit.IOHIDSystem</key>
		<string>1.2</string>
		<key>com.apple.kernel.bsd</key>
		<string>6.0</string>
		<key>com.apple.kernel.iokit</key>
		<string>6.0</string>
		<key>com.apple.kernel.mach</key>
		<string>6.0</string>
	</dict>
</dict>
</plist>
";
		};
		089C1674FE841209C02AAC07 = {
			buildActionMask = 2147483647;
			files = (
				F575A7C1027E4475012EFD60,
			);
			isa = PBXHeadersBuildPhase;
			runOnlyForDeploymentPostprocessing = 0;
		};
		089C1675FE841209C02AAC07 = {
			buildActionMask = 2147483647;
			files = (
				089C1680FE841241C02AAC07,
			);
			isa = PBXResourcesBuildPhase;
			runOnlyForDeploymentPostprocessing = 0;
		};
		089C1676FE841209C02AAC07 = {
			buildActionMask = 2147483647;
			files = (
				1A224C3DFF42312311CA2CB7,
				F53B749D0278078E01BCB6FE,
			);
			isa = PBXSourcesBuildPhase;
			runOnlyForDeploymentPostprocessing = 0;
		};
		089C1677FE841209C02AAC07 = {
			buildActionMask = 2147483647;
			files = (
			);
			isa = PBXFrameworksBuildPhase;
			runOnlyForDeploymentPostprocessing = 0;
		};
		089C1679FE841209C02AAC07 = {
			buildActionMask = 2147483647;
			files = (
			);
			isa = PBXRezBuildPhase;
			runOnlyForDeploymentPostprocessing = 0;
		};
		089C167CFE841241C02AAC07 = {
			children = (
				089C167DFE841241C02AAC07,
			);
			isa = PBXGroup;
			name = Resources;
			refType = 4;
		};
		089C167DFE841241C02AAC07 = {
			children = (
				089C167EFE841241C02AAC07,
			);
			isa = PBXVariantGroup;
			name = InfoPlist.strings;
			refType = 4;
		};
		089C167EFE841241C02AAC07 = {
			fileEncoding = 10;
			isa = PBXFileReference;
			name = English;
			path = English.lproj/InfoPlist.strings;
			refType = 4;
		};
		089C1680FE841241C02AAC07 = {
			fileRef = 089C167DFE841241C02AAC07;
			isa = PBXBuildFile;
			settings = {
			};
		};
//080
//081
//082
//083
//084
//0A0
//0A1
//0A2
//0A3
//0A4
		0A5A7D55FFB780D811CA28AA = {
			isa = PBXBundleReference;
			path = DoubleCommand.kext;
			refType = 3;
		};
//0A0
//0A1
//0A2
//0A3
//0A4
//190
//191
//192
//193
//194
		19C28FB6FE9D52B211CA2CBB = {
			children = (
				0A5A7D55FFB780D811CA28AA,
			);
			isa = PBXGroup;
			name = Products;
			refType = 4;
		};
//190
//191
//192
//193
//194
//1A0
//1A1
//1A2
//1A3
//1A4
		1A224C3CFF42312311CA2CB7 = {
			fileEncoding = 30;
			isa = PBXFileReference;
			path = DoubleCommand.c;
			refType = 4;
		};
		1A224C3DFF42312311CA2CB7 = {
			fileRef = 1A224C3CFF42312311CA2CB7;
			isa = PBXBuildFile;
			settings = {
				ATTRIBUTES = (
				);
			};
		};
//1A0
//1A1
//1A2
//1A3
//1A4
//240
//241
//242
//243
//244
		247142CAFF3F8F9811CA285C = {
			children = (
				1A224C3CFF42312311CA2CB7,
				F53B749C0278078E01BCB6FE,
				F575A7C0027E4475012EFD60,
			);
			isa = PBXGroup;
			name = Source;
			path = "";
			refType = 4;
		};
//240
//241
//242
//243
//244
//F50
//F51
//F52
//F53
//F54
		F53B749C0278078E01BCB6FE = {
			fileEncoding = 30;
			isa = PBXFileReference;
			path = MBHIDHack.cpp;
			refType = 4;
		};
		F53B749D0278078E01BCB6FE = {
			fileRef = F53B749C0278078E01BCB6FE;
			isa = PBXBuildFile;
			settings = {
			};
		};
		F575A7C0027E4475012EFD60 = {
			fileEncoding = 30;
			isa = PBXFileReference;
			path = MBHIDHack.h;
			refType = 4;
		};
		F575A7C1027E4475012EFD60 = {
			fileRef = F575A7C0027E4475012EFD60;
			isa = PBXBuildFile;
			settings = {
			};
		};
	};
	rootObject = 089C1669FE841209C02AAC07;
}
